
Microsoft Visual Studio Solution File, Format Version 12.00
# Visual Studio 2012
Project("{FAE04EC0-301F-11D3-BF4B-00C04F79EFBC}") = "PetSureFileUpload.WebApi", "PetSureFileUpload.WebApi\PetSureFileUpload.WebApi.csproj", "{89A48587-71AA-47C7-B755-C09694ED9C14}"
EndProject
Project("{FAE04EC0-301F-11D3-BF4B-00C04F79EFBC}") = "PetSureFileUpload.Views", "PetSureFileUpload.Views\PetSureFileUpload.Views.csproj", "{48195125-D1D4-4A2C-B19B-5E3D6B834E0B}"
EndProject
Global
	GlobalSection(SolutionConfigurationPlatforms) = preSolution
		Debug|Any CPU = Debug|Any CPU
		Release|Any CPU = Release|Any CPU
	EndGlobalSection
	GlobalSection(ProjectConfigurationPlatforms) = postSolution
		{89A48587-71AA-47C7-B755-C09694ED9C14}.Debug|Any CPU.ActiveCfg = Debug|Any CPU
		{89A48587-71AA-47C7-B755-C09694ED9C14}.Debug|Any CPU.Build.0 = Debug|Any CPU
		{89A48587-71AA-47C7-B755-C09694ED9C14}.Release|Any CPU.ActiveCfg = Release|Any CPU
		{89A48587-71AA-47C7-B755-C09694ED9C14}.Release|Any CPU.Build.0 = Release|Any CPU
		{48195125-D1D4-4A2C-B19B-5E3D6B834E0B}.Debug|Any CPU.ActiveCfg = Debug|Any CPU
		{48195125-D1D4-4A2C-B19B-5E3D6B834E0B}.Debug|Any CPU.Build.0 = Debug|Any CPU
		{48195125-D1D4-4A2C-B19B-5E3D6B834E0B}.Release|Any CPU.ActiveCfg = Release|Any CPU
		{48195125-D1D4-4A2C-B19B-5E3D6B834E0B}.Release|Any CPU.Build.0 = Release|Any CPU
	EndGlobalSection
	GlobalSection(SolutionProperties) = preSolution
		HideSolutionNode = FALSE
	EndGlobalSection
EndGlobal
